
Microsoft Visual Studio Solution File, Format Version 12.00
# Visual Studio Version 17
VisualStudioVersion = 17.7.34024.191
MinimumVisualStudioVersion = 10.0.40219.1
Project("{9A19103F-16F7-4668-BE54-9A1E7A4F7556}") = "ToDoList", "..\src\web\ToDoList.csproj", "{3CDD9AD3-5D0F-4F56-9F74-0B582A6FD14A}"
EndProject
Project("{9A19103F-16F7-4668-BE54-9A1E7A4F7556}") = "ToDoList.Model", "..\src\model\ToDoList.Model.csproj", "{FACF80C5-C2FB-4DA0-B442-298B93FF028A}"
EndProject
Project("{9A19103F-16F7-4668-BE54-9A1E7A4F7556}") = "ToDoList.Messaging", "..\src\messaging\ToDoList.Messaging.csproj", "{B23D97F6-19C8-4236-8984-AD3DD019806B}"
EndProject
Project("{9A19103F-16F7-4668-BE54-9A1E7A4F7556}") = "ToDoList.Entities", "..\src\entities\ToDoList.Entities.csproj", "{E617D271-0DE3-408E-8D4E-CB6098D7CAD2}"
EndProject
Project("{9A19103F-16F7-4668-BE54-9A1E7A4F7556}") = "TodoList_Functions", "..\functions\TodoList.Functions\TodoList_Functions.csproj", "{096CBE78-D637-456C-950E-B40B1E92F0A9}"
EndProject
Global
	GlobalSection(SolutionConfigurationPlatforms) = preSolution
		Debug|Any CPU = Debug|Any CPU
		Release|Any CPU = Release|Any CPU
	EndGlobalSection
	GlobalSection(ProjectConfigurationPlatforms) = postSolution
		{3CDD9AD3-5D0F-4F56-9F74-0B582A6FD14A}.Debug|Any CPU.ActiveCfg = Debug|Any CPU
		{3CDD9AD3-5D0F-4F56-9F74-0B582A6FD14A}.Debug|Any CPU.Build.0 = Debug|Any CPU
		{3CDD9AD3-5D0F-4F56-9F74-0B582A6FD14A}.Release|Any CPU.ActiveCfg = Release|Any CPU
		{3CDD9AD3-5D0F-4F56-9F74-0B582A6FD14A}.Release|Any CPU.Build.0 = Release|Any CPU
		{FACF80C5-C2FB-4DA0-B442-298B93FF028A}.Debug|Any CPU.ActiveCfg = Debug|Any CPU
		{FACF80C5-C2FB-4DA0-B442-298B93FF028A}.Debug|Any CPU.Build.0 = Debug|Any CPU
		{FACF80C5-C2FB-4DA0-B442-298B93FF028A}.Release|Any CPU.ActiveCfg = Release|Any CPU
		{FACF80C5-C2FB-4DA0-B442-298B93FF028A}.Release|Any CPU.Build.0 = Release|Any CPU
		{B23D97F6-19C8-4236-8984-AD3DD019806B}.Debug|Any CPU.ActiveCfg = Debug|Any CPU
		{B23D97F6-19C8-4236-8984-AD3DD019806B}.Debug|Any CPU.Build.0 = Debug|Any CPU
		{B23D97F6-19C8-4236-8984-AD3DD019806B}.Release|Any CPU.ActiveCfg = Release|Any CPU
		{B23D97F6-19C8-4236-8984-AD3DD019806B}.Release|Any CPU.Build.0 = Release|Any CPU
		{E617D271-0DE3-408E-8D4E-CB6098D7CAD2}.Debug|Any CPU.ActiveCfg = Debug|Any CPU
		{E617D271-0DE3-408E-8D4E-CB6098D7CAD2}.Debug|Any CPU.Build.0 = Debug|Any CPU
		{E617D271-0DE3-408E-8D4E-CB6098D7CAD2}.Release|Any CPU.ActiveCfg = Release|Any CPU
		{E617D271-0DE3-408E-8D4E-CB6098D7CAD2}.Release|Any CPU.Build.0 = Release|Any CPU
		{096CBE78-D637-456C-950E-B40B1E92F0A9}.Debug|Any CPU.ActiveCfg = Debug|Any CPU
		{096CBE78-D637-456C-950E-B40B1E92F0A9}.Debug|Any CPU.Build.0 = Debug|Any CPU
		{096CBE78-D637-456C-950E-B40B1E92F0A9}.Release|Any CPU.ActiveCfg = Release|Any CPU
		{096CBE78-D637-456C-950E-B40B1E92F0A9}.Release|Any CPU.Build.0 = Release|Any CPU
	EndGlobalSection
	GlobalSection(SolutionProperties) = preSolution
		HideSolutionNode = FALSE
	EndGlobalSection
	GlobalSection(ExtensibilityGlobals) = postSolution
		SolutionGuid = {3E3A65F9-9626-4B77-AC6D-1272EB0D165F}
	EndGlobalSection
EndGlobal
